<?xml version="1.0" encoding="utf-8"?>
<Project ToolsVersion="4.0" xmlns="http://schemas.microsoft.com/developer/msbuild/2003">
  <ItemGroup>
    <ClCompile Include="main.cpp" />
    <ClCompile Include="SystemMain.cpp" />
    <ClCompile Include="Define.cpp" />
    <ClCompile Include="Looper.cpp" />
    <ClCompile Include="AbstractScene.cpp" />
    <ClCompile Include="Fps.cpp" />
    <ClCompile Include="Parameter.cpp" />
    <ClCompile Include="CalcUtils.cpp" />
    <ClCompile Include="TitleScene.cpp" />
    <ClCompile Include="TouchEvent.cpp" />
    <ClCompile Include="Image.cpp" />
    <ClCompile Include="MenuButton.cpp" />
  </ItemGroup>
  <ItemGroup>
    <ClInclude Include="SystemMain.h" />
    <ClInclude Include="Define.h" />
    <ClInclude Include="Looper.h" />
    <ClInclude Include="AbstractScene.h" />
    <ClInclude Include="Fps.h" />
    <ClInclude Include="IOnSceneChangedListener.h" />
    <ClInclude Include="Parameter.h" />
    <ClInclude Include="CalcUtils.h" />
    <ClInclude Include="Task.h" />
    <ClInclude Include="Drawable.h" />
    <ClInclude Include="TitleScene.h" />
    <ClInclude Include="TouchEvent.h" />
    <ClInclude Include="Pos.h" />
    <ClInclude Include="Image.h" />
    <ClInclude Include="MenuButton.h" />
    <ClInclude Include="IOnClickListener.h" />
    <ClInclude Include="View.h" />
    <ClInclude Include="Context.h" />
    <ClInclude Include="Font.h" />
  </ItemGroup>
</Project>